
Microsoft Visual Studio Solution File, Format Version 12.00
# Visual Studio Version 17
VisualStudioVersion = 17.0.31912.275
MinimumVisualStudioVersion = 10.0.40219.1
Project("{8BC9CEB8-8B4A-11D0-8D11-00A0C91BC942}") = "15problem", "15problem\15problem.vcxproj", "{F003BCB1-67D2-45EF-827E-FC15908AC3D6}"
EndProject
Global
	GlobalSection(SolutionConfigurationPlatforms) = preSolution
		Debug|x64 = Debug|x64
		Debug|x86 = Debug|x86
		Release|x64 = Release|x64
		Release|x86 = Release|x86
	EndGlobalSection
	GlobalSection(ProjectConfigurationPlatforms) = postSolution
		{F003BCB1-67D2-45EF-827E-FC15908AC3D6}.Debug|x64.ActiveCfg = Debug|x64
		{F003BCB1-67D2-45EF-827E-FC15908AC3D6}.Debug|x64.Build.0 = Debug|x64
		{F003BCB1-67D2-45EF-827E-FC15908AC3D6}.Debug|x86.ActiveCfg = Debug|Win32
		{F003BCB1-67D2-45EF-827E-FC15908AC3D6}.Debug|x86.Build.0 = Debug|Win32
		{F003BCB1-67D2-45EF-827E-FC15908AC3D6}.Release|x64.ActiveCfg = Release|x64
		{F003BCB1-67D2-45EF-827E-FC15908AC3D6}.Release|x64.Build.0 = Release|x64
		{F003BCB1-67D2-45EF-827E-FC15908AC3D6}.Release|x86.ActiveCfg = Release|Win32
		{F003BCB1-67D2-45EF-827E-FC15908AC3D6}.Release|x86.Build.0 = Release|Win32
	EndGlobalSection
	GlobalSection(SolutionProperties) = preSolution
		HideSolutionNode = FALSE
	EndGlobalSection
	GlobalSection(ExtensibilityGlobals) = postSolution
		SolutionGuid = {258EFB93-438F-4E80-9AFA-2DD1AD916CA4}
	EndGlobalSection
EndGlobal
