
Microsoft Visual Studio Solution File, Format Version 12.00
# Visual Studio Version 17
VisualStudioVersion = 17.0.31912.275
MinimumVisualStudioVersion = 10.0.40219.1
Project("{8BC9CEB8-8B4A-11D0-8D11-00A0C91BC942}") = "73problem", "73problem\73problem.vcxproj", "{96FCFBB7-DD32-4C33-85CE-EE9B1EDB77F7}"
EndProject
Global
	GlobalSection(SolutionConfigurationPlatforms) = preSolution
		Debug|x64 = Debug|x64
		Debug|x86 = Debug|x86
		Release|x64 = Release|x64
		Release|x86 = Release|x86
	EndGlobalSection
	GlobalSection(ProjectConfigurationPlatforms) = postSolution
		{96FCFBB7-DD32-4C33-85CE-EE9B1EDB77F7}.Debug|x64.ActiveCfg = Debug|x64
		{96FCFBB7-DD32-4C33-85CE-EE9B1EDB77F7}.Debug|x64.Build.0 = Debug|x64
		{96FCFBB7-DD32-4C33-85CE-EE9B1EDB77F7}.Debug|x86.ActiveCfg = Debug|Win32
		{96FCFBB7-DD32-4C33-85CE-EE9B1EDB77F7}.Debug|x86.Build.0 = Debug|Win32
		{96FCFBB7-DD32-4C33-85CE-EE9B1EDB77F7}.Release|x64.ActiveCfg = Release|x64
		{96FCFBB7-DD32-4C33-85CE-EE9B1EDB77F7}.Release|x64.Build.0 = Release|x64
		{96FCFBB7-DD32-4C33-85CE-EE9B1EDB77F7}.Release|x86.ActiveCfg = Release|Win32
		{96FCFBB7-DD32-4C33-85CE-EE9B1EDB77F7}.Release|x86.Build.0 = Release|Win32
	EndGlobalSection
	GlobalSection(SolutionProperties) = preSolution
		HideSolutionNode = FALSE
	EndGlobalSection
	GlobalSection(ExtensibilityGlobals) = postSolution
		SolutionGuid = {4B261572-6D36-4CC8-8AD0-5A8D953C9F03}
	EndGlobalSection
EndGlobal
