
Microsoft Visual Studio Solution File, Format Version 12.00
# Visual Studio Version 17
VisualStudioVersion = 17.0.31912.275
MinimumVisualStudioVersion = 10.0.40219.1
Project("{8BC9CEB8-8B4A-11D0-8D11-00A0C91BC942}") = "87problem", "87problem\87problem.vcxproj", "{A7D92B4A-E9E5-43B5-BE94-71C81BBAA701}"
EndProject
Global
	GlobalSection(SolutionConfigurationPlatforms) = preSolution
		Debug|x64 = Debug|x64
		Debug|x86 = Debug|x86
		Release|x64 = Release|x64
		Release|x86 = Release|x86
	EndGlobalSection
	GlobalSection(ProjectConfigurationPlatforms) = postSolution
		{A7D92B4A-E9E5-43B5-BE94-71C81BBAA701}.Debug|x64.ActiveCfg = Debug|x64
		{A7D92B4A-E9E5-43B5-BE94-71C81BBAA701}.Debug|x64.Build.0 = Debug|x64
		{A7D92B4A-E9E5-43B5-BE94-71C81BBAA701}.Debug|x86.ActiveCfg = Debug|Win32
		{A7D92B4A-E9E5-43B5-BE94-71C81BBAA701}.Debug|x86.Build.0 = Debug|Win32
		{A7D92B4A-E9E5-43B5-BE94-71C81BBAA701}.Release|x64.ActiveCfg = Release|x64
		{A7D92B4A-E9E5-43B5-BE94-71C81BBAA701}.Release|x64.Build.0 = Release|x64
		{A7D92B4A-E9E5-43B5-BE94-71C81BBAA701}.Release|x86.ActiveCfg = Release|Win32
		{A7D92B4A-E9E5-43B5-BE94-71C81BBAA701}.Release|x86.Build.0 = Release|Win32
	EndGlobalSection
	GlobalSection(SolutionProperties) = preSolution
		HideSolutionNode = FALSE
	EndGlobalSection
	GlobalSection(ExtensibilityGlobals) = postSolution
		SolutionGuid = {C564B018-4ED5-449E-8384-ACD618015711}
	EndGlobalSection
EndGlobal
