
Microsoft Visual Studio Solution File, Format Version 12.00
# Visual Studio Version 17
VisualStudioVersion = 17.0.31912.275
MinimumVisualStudioVersion = 10.0.40219.1
Project("{8BC9CEB8-8B4A-11D0-8D11-00A0C91BC942}") = "11problem", "11problem\11problem.vcxproj", "{6AFF7681-7B26-4849-A6EC-01E85E408BCD}"
EndProject
Global
	GlobalSection(SolutionConfigurationPlatforms) = preSolution
		Debug|x64 = Debug|x64
		Debug|x86 = Debug|x86
		Release|x64 = Release|x64
		Release|x86 = Release|x86
	EndGlobalSection
	GlobalSection(ProjectConfigurationPlatforms) = postSolution
		{6AFF7681-7B26-4849-A6EC-01E85E408BCD}.Debug|x64.ActiveCfg = Debug|x64
		{6AFF7681-7B26-4849-A6EC-01E85E408BCD}.Debug|x64.Build.0 = Debug|x64
		{6AFF7681-7B26-4849-A6EC-01E85E408BCD}.Debug|x86.ActiveCfg = Debug|Win32
		{6AFF7681-7B26-4849-A6EC-01E85E408BCD}.Debug|x86.Build.0 = Debug|Win32
		{6AFF7681-7B26-4849-A6EC-01E85E408BCD}.Release|x64.ActiveCfg = Release|x64
		{6AFF7681-7B26-4849-A6EC-01E85E408BCD}.Release|x64.Build.0 = Release|x64
		{6AFF7681-7B26-4849-A6EC-01E85E408BCD}.Release|x86.ActiveCfg = Release|Win32
		{6AFF7681-7B26-4849-A6EC-01E85E408BCD}.Release|x86.Build.0 = Release|Win32
	EndGlobalSection
	GlobalSection(SolutionProperties) = preSolution
		HideSolutionNode = FALSE
	EndGlobalSection
	GlobalSection(ExtensibilityGlobals) = postSolution
		SolutionGuid = {65B90158-4227-4C33-A88A-64B1721C3C47}
	EndGlobalSection
EndGlobal
