
Microsoft Visual Studio Solution File, Format Version 12.00
# Visual Studio Version 17
VisualStudioVersion = 17.0.31912.275
MinimumVisualStudioVersion = 10.0.40219.1
Project("{8BC9CEB8-8B4A-11D0-8D11-00A0C91BC942}") = "36problem", "36problem\36problem.vcxproj", "{69DC1D60-F296-4500-BFC3-59F31FD8447C}"
EndProject
Global
	GlobalSection(SolutionConfigurationPlatforms) = preSolution
		Debug|x64 = Debug|x64
		Debug|x86 = Debug|x86
		Release|x64 = Release|x64
		Release|x86 = Release|x86
	EndGlobalSection
	GlobalSection(ProjectConfigurationPlatforms) = postSolution
		{69DC1D60-F296-4500-BFC3-59F31FD8447C}.Debug|x64.ActiveCfg = Debug|x64
		{69DC1D60-F296-4500-BFC3-59F31FD8447C}.Debug|x64.Build.0 = Debug|x64
		{69DC1D60-F296-4500-BFC3-59F31FD8447C}.Debug|x86.ActiveCfg = Debug|Win32
		{69DC1D60-F296-4500-BFC3-59F31FD8447C}.Debug|x86.Build.0 = Debug|Win32
		{69DC1D60-F296-4500-BFC3-59F31FD8447C}.Release|x64.ActiveCfg = Release|x64
		{69DC1D60-F296-4500-BFC3-59F31FD8447C}.Release|x64.Build.0 = Release|x64
		{69DC1D60-F296-4500-BFC3-59F31FD8447C}.Release|x86.ActiveCfg = Release|Win32
		{69DC1D60-F296-4500-BFC3-59F31FD8447C}.Release|x86.Build.0 = Release|Win32
	EndGlobalSection
	GlobalSection(SolutionProperties) = preSolution
		HideSolutionNode = FALSE
	EndGlobalSection
	GlobalSection(ExtensibilityGlobals) = postSolution
		SolutionGuid = {91D47490-12D3-4D48-B76F-B19A93AFF190}
	EndGlobalSection
EndGlobal
