
Microsoft Visual Studio Solution File, Format Version 12.00
# Visual Studio Version 17
VisualStudioVersion = 17.0.31912.275
MinimumVisualStudioVersion = 10.0.40219.1
Project("{8BC9CEB8-8B4A-11D0-8D11-00A0C91BC942}") = "49problem", "49problem\49problem.vcxproj", "{60E20031-BB4E-43E5-9350-FECC344F3934}"
EndProject
Global
	GlobalSection(SolutionConfigurationPlatforms) = preSolution
		Debug|x64 = Debug|x64
		Debug|x86 = Debug|x86
		Release|x64 = Release|x64
		Release|x86 = Release|x86
	EndGlobalSection
	GlobalSection(ProjectConfigurationPlatforms) = postSolution
		{60E20031-BB4E-43E5-9350-FECC344F3934}.Debug|x64.ActiveCfg = Debug|x64
		{60E20031-BB4E-43E5-9350-FECC344F3934}.Debug|x64.Build.0 = Debug|x64
		{60E20031-BB4E-43E5-9350-FECC344F3934}.Debug|x86.ActiveCfg = Debug|Win32
		{60E20031-BB4E-43E5-9350-FECC344F3934}.Debug|x86.Build.0 = Debug|Win32
		{60E20031-BB4E-43E5-9350-FECC344F3934}.Release|x64.ActiveCfg = Release|x64
		{60E20031-BB4E-43E5-9350-FECC344F3934}.Release|x64.Build.0 = Release|x64
		{60E20031-BB4E-43E5-9350-FECC344F3934}.Release|x86.ActiveCfg = Release|Win32
		{60E20031-BB4E-43E5-9350-FECC344F3934}.Release|x86.Build.0 = Release|Win32
	EndGlobalSection
	GlobalSection(SolutionProperties) = preSolution
		HideSolutionNode = FALSE
	EndGlobalSection
	GlobalSection(ExtensibilityGlobals) = postSolution
		SolutionGuid = {6015322D-64A8-4654-801A-3EB2650B3D92}
	EndGlobalSection
EndGlobal
